
Microsoft Visual Studio Solution File, Format Version 12.00
# Visual Studio Version 18
VisualStudioVersion = 18.3.11505.172
MinimumVisualStudioVersion = 10.0.40219.1
Project("{FAE04EC0-301F-11D3-BF4B-00C04F79EFBC}") = "Berryfy.API", "Berryfy.API\Berryfy.API.csproj", "{E3951A66-F330-4FA0-B2C9-CE3801E64AEF}"
EndProject
Project("{FAE04EC0-301F-11D3-BF4B-00C04F79EFBC}") = "Berryfy.Domain", "Berryfy.Domain\Berryfy.Domain.csproj", "{FEDB772B-0719-41DD-87AD-CBA62FF52F54}"
EndProject
Project("{FAE04EC0-301F-11D3-BF4B-00C04F79EFBC}") = "Berryfy.Application", "Berryfy.Application\Berryfy.Application.csproj", "{32B24BC8-B08F-4A26-A729-1C3152A6C39B}"
EndProject
Project("{FAE04EC0-301F-11D3-BF4B-00C04F79EFBC}") = "Berryfy.Tests", "Berryfy.Tests\Berryfy.Tests.csproj", "{E4AAFC13-2C7E-45FB-83D4-006096FC22E0}"
EndProject
Project("{FAE04EC0-301F-11D3-BF4B-00C04F79EFBC}") = "Berryfy.Bot", "Berryfy.Bot\Berryfy.Bot.csproj", "{2651BA4C-9295-4EC6-83CD-385185A9DE30}"
EndProject
Project("{FAE04EC0-301F-11D3-BF4B-00C04F79EFBC}") = "Berryfy.Infrastructure", "Berryfy.Infrastructure\Berryfy.Infrastructure.csproj", "{35D429A6-2335-7ED5-79B2-A2B64184F552}"
EndProject
Global
	GlobalSection(SolutionConfigurationPlatforms) = preSolution
		Debug|Any CPU = Debug|Any CPU
		Release|Any CPU = Release|Any CPU
	EndGlobalSection
	GlobalSection(ProjectConfigurationPlatforms) = postSolution
		{E3951A66-F330-4FA0-B2C9-CE3801E64AEF}.Debug|Any CPU.ActiveCfg = Debug|Any CPU
		{E3951A66-F330-4FA0-B2C9-CE3801E64AEF}.Debug|Any CPU.Build.0 = Debug|Any CPU
		{E3951A66-F330-4FA0-B2C9-CE3801E64AEF}.Release|Any CPU.ActiveCfg = Release|Any CPU
		{E3951A66-F330-4FA0-B2C9-CE3801E64AEF}.Release|Any CPU.Build.0 = Release|Any CPU
		{FEDB772B-0719-41DD-87AD-CBA62FF52F54}.Debug|Any CPU.ActiveCfg = Debug|Any CPU
		{FEDB772B-0719-41DD-87AD-CBA62FF52F54}.Debug|Any CPU.Build.0 = Debug|Any CPU
		{FEDB772B-0719-41DD-87AD-CBA62FF52F54}.Release|Any CPU.ActiveCfg = Release|Any CPU
		{FEDB772B-0719-41DD-87AD-CBA62FF52F54}.Release|Any CPU.Build.0 = Release|Any CPU
		{32B24BC8-B08F-4A26-A729-1C3152A6C39B}.Debug|Any CPU.ActiveCfg = Debug|Any CPU
		{32B24BC8-B08F-4A26-A729-1C3152A6C39B}.Debug|Any CPU.Build.0 = Debug|Any CPU
		{32B24BC8-B08F-4A26-A729-1C3152A6C39B}.Release|Any CPU.ActiveCfg = Release|Any CPU
		{32B24BC8-B08F-4A26-A729-1C3152A6C39B}.Release|Any CPU.Build.0 = Release|Any CPU
		{E4AAFC13-2C7E-45FB-83D4-006096FC22E0}.Debug|Any CPU.ActiveCfg = Debug|Any CPU
		{E4AAFC13-2C7E-45FB-83D4-006096FC22E0}.Debug|Any CPU.Build.0 = Debug|Any CPU
		{E4AAFC13-2C7E-45FB-83D4-006096FC22E0}.Release|Any CPU.ActiveCfg = Release|Any CPU
		{E4AAFC13-2C7E-45FB-83D4-006096FC22E0}.Release|Any CPU.Build.0 = Release|Any CPU
		{2651BA4C-9295-4EC6-83CD-385185A9DE30}.Debug|Any CPU.ActiveCfg = Debug|Any CPU
		{2651BA4C-9295-4EC6-83CD-385185A9DE30}.Debug|Any CPU.Build.0 = Debug|Any CPU
		{2651BA4C-9295-4EC6-83CD-385185A9DE30}.Release|Any CPU.ActiveCfg = Release|Any CPU
		{2651BA4C-9295-4EC6-83CD-385185A9DE30}.Release|Any CPU.Build.0 = Release|Any CPU
		{35D429A6-2335-7ED5-79B2-A2B64184F552}.Debug|Any CPU.ActiveCfg = Debug|Any CPU
		{35D429A6-2335-7ED5-79B2-A2B64184F552}.Debug|Any CPU.Build.0 = Debug|Any CPU
		{35D429A6-2335-7ED5-79B2-A2B64184F552}.Release|Any CPU.ActiveCfg = Release|Any CPU
		{35D429A6-2335-7ED5-79B2-A2B64184F552}.Release|Any CPU.Build.0 = Release|Any CPU
	EndGlobalSection
	GlobalSection(SolutionProperties) = preSolution
		HideSolutionNode = FALSE
	EndGlobalSection
	GlobalSection(ExtensibilityGlobals) = postSolution
		SolutionGuid = {48BEC03E-CD8F-4B45-9609-669A10424A7D}
	EndGlobalSection
EndGlobal
